
Microsoft Visual Studio Solution File, Format Version 12.00
# Visual Studio Version 17
VisualStudioVersion = 17.9.34723.18
MinimumVisualStudioVersion = 10.0.40219.1
Project("{9A19103F-16F7-4668-BE54-9A1E7A4F7556}") = "LeetCodeSolutions", "LeetCodeSolutions\LeetCodeSolutions.csproj", "{9D764226-2AD7-42DF-B9A4-89577CF76BC6}"
EndProject
Project("{9A19103F-16F7-4668-BE54-9A1E7A4F7556}") = "LeetCodeSolutionsTest", "LeetCodeSolutionsTest\LeetCodeSolutionsTest.csproj", "{3B3BAD61-7F71-4ACB-ACE6-161D064D5B17}"
EndProject
Global
	GlobalSection(SolutionConfigurationPlatforms) = preSolution
		Debug|Any CPU = Debug|Any CPU
		Release|Any CPU = Release|Any CPU
	EndGlobalSection
	GlobalSection(ProjectConfigurationPlatforms) = postSolution
		{9D764226-2AD7-42DF-B9A4-89577CF76BC6}.Debug|Any CPU.ActiveCfg = Debug|Any CPU
		{9D764226-2AD7-42DF-B9A4-89577CF76BC6}.Debug|Any CPU.Build.0 = Debug|Any CPU
		{9D764226-2AD7-42DF-B9A4-89577CF76BC6}.Release|Any CPU.ActiveCfg = Release|Any CPU
		{9D764226-2AD7-42DF-B9A4-89577CF76BC6}.Release|Any CPU.Build.0 = Release|Any CPU
		{3B3BAD61-7F71-4ACB-ACE6-161D064D5B17}.Debug|Any CPU.ActiveCfg = Debug|Any CPU
		{3B3BAD61-7F71-4ACB-ACE6-161D064D5B17}.Debug|Any CPU.Build.0 = Debug|Any CPU
		{3B3BAD61-7F71-4ACB-ACE6-161D064D5B17}.Release|Any CPU.ActiveCfg = Release|Any CPU
		{3B3BAD61-7F71-4ACB-ACE6-161D064D5B17}.Release|Any CPU.Build.0 = Release|Any CPU
	EndGlobalSection
	GlobalSection(SolutionProperties) = preSolution
		HideSolutionNode = FALSE
	EndGlobalSection
	GlobalSection(ExtensibilityGlobals) = postSolution
		SolutionGuid = {68CD5AE2-B378-4F69-BDE1-62E6664BB253}
	EndGlobalSection
EndGlobal
