
Microsoft Visual Studio Solution File, Format Version 12.00
# Visual Studio Version 17
VisualStudioVersion = 17.9.34723.18
MinimumVisualStudioVersion = 10.0.40219.1
Project("{2150E333-8FDC-42A3-9474-1A3956D46DE8}") = "src", "src", "{5DBA7B9C-6739-4D0D-B21A-30C1230D3C41}"
EndProject
Project("{FAE04EC0-301F-11D3-BF4B-00C04F79EFBC}") = "LeetCodeSolutions", "src\LeetCodeSolutions\LeetCodeSolutions.csproj", "{6E0FA7FB-F144-4FAE-8C50-C0677A0460C1}"
EndProject
Project("{FAE04EC0-301F-11D3-BF4B-00C04F79EFBC}") = "LeetCodeSolutionsTest", "src\LeetCodeSolutionsTest\LeetCodeSolutionsTest.csproj", "{D304DBA9-A517-476C-831B-B4178C8E24CE}"
EndProject
Global
	GlobalSection(SolutionConfigurationPlatforms) = preSolution
		Debug|Any CPU = Debug|Any CPU
		Release|Any CPU = Release|Any CPU
	EndGlobalSection
	GlobalSection(ProjectConfigurationPlatforms) = postSolution
		{6E0FA7FB-F144-4FAE-8C50-C0677A0460C1}.Debug|Any CPU.ActiveCfg = Debug|Any CPU
		{6E0FA7FB-F144-4FAE-8C50-C0677A0460C1}.Debug|Any CPU.Build.0 = Debug|Any CPU
		{6E0FA7FB-F144-4FAE-8C50-C0677A0460C1}.Release|Any CPU.ActiveCfg = Release|Any CPU
		{6E0FA7FB-F144-4FAE-8C50-C0677A0460C1}.Release|Any CPU.Build.0 = Release|Any CPU
		{D304DBA9-A517-476C-831B-B4178C8E24CE}.Debug|Any CPU.ActiveCfg = Debug|Any CPU
		{D304DBA9-A517-476C-831B-B4178C8E24CE}.Debug|Any CPU.Build.0 = Debug|Any CPU
		{D304DBA9-A517-476C-831B-B4178C8E24CE}.Release|Any CPU.ActiveCfg = Release|Any CPU
		{D304DBA9-A517-476C-831B-B4178C8E24CE}.Release|Any CPU.Build.0 = Release|Any CPU
	EndGlobalSection
	GlobalSection(SolutionProperties) = preSolution
		HideSolutionNode = FALSE
	EndGlobalSection
	GlobalSection(NestedProjects) = preSolution
		{6E0FA7FB-F144-4FAE-8C50-C0677A0460C1} = {5DBA7B9C-6739-4D0D-B21A-30C1230D3C41}
		{D304DBA9-A517-476C-831B-B4178C8E24CE} = {5DBA7B9C-6739-4D0D-B21A-30C1230D3C41}
	EndGlobalSection
	GlobalSection(ExtensibilityGlobals) = postSolution
		SolutionGuid = {68CD5AE2-B378-4F69-BDE1-62E6664BB253}
	EndGlobalSection
EndGlobal
